// !$*UTF8*$!
{
	archiveVersion = 1;
	classes = {
	};
	objectVersion = 56;
	objects = {

/* Begin PBXBuildFile section */
		D06774BC2B29071200251200 /* AppDelegate.swift in Sources */ = {isa = PBXBuildFile; fileRef = D06774BB2B29071200251200 /* AppDelegate.swift */; };
		D06774BE2B29071200251200 /* SceneDelegate.swift in Sources */ = {isa = PBXBuildFile; fileRef = D06774BD2B29071200251200 /* SceneDelegate.swift */; };
		D06774C02B29071200251200 /* ViewController.swift in Sources */ = {isa = PBXBuildFile; fileRef = D06774BF2B29071200251200 /* ViewController.swift */; };
		D06774C32B29071200251200 /* Main.storyboard in Resources */ = {isa = PBXBuildFile; fileRef = D06774C12B29071200251200 /* Main.storyboard */; };
		D06774C52B29071300251200 /* Assets.xcassets in Resources */ = {isa = PBXBuildFile; fileRef = D06774C42B29071300251200 /* Assets.xcassets */; };
		D06774C82B29071300251200 /* LaunchScreen.storyboard in Resources */ = {isa = PBXBuildFile; fileRef = D06774C62B29071300251200 /* LaunchScreen.storyboard */; };
		D06774D12B2907D800251200 /* SwiftyJSON in Frameworks */ = {isa = PBXBuildFile; productRef = D06774D02B2907D800251200 /* SwiftyJSON */; };
		D06774D52B291BC000251200 /* SwiftyJSON_demo.xcdatamodeld in Sources */ = {isa = PBXBuildFile; fileRef = D06774D32B291BC000251200 /* SwiftyJSON_demo.xcdatamodeld */; };
		D06798852B29211E005FC0E6 /* Commit+CoreDataClass.swift in Sources */ = {isa = PBXBuildFile; fileRef = D06798812B29211E005FC0E6 /* Commit+CoreDataClass.swift */; };
		D06798862B29211E005FC0E6 /* Commit+CoreDataProperties.swift in Sources */ = {isa = PBXBuildFile; fileRef = D06798822B29211E005FC0E6 /* Commit+CoreDataProperties.swift */; };
		D06798872B29211E005FC0E6 /* Author+CoreDataClass.swift in Sources */ = {isa = PBXBuildFile; fileRef = D06798832B29211E005FC0E6 /* Author+CoreDataClass.swift */; };
		D06798882B29211E005FC0E6 /* Author+CoreDataProperties.swift in Sources */ = {isa = PBXBuildFile; fileRef = D06798842B29211E005FC0E6 /* Author+CoreDataProperties.swift */; };
		D067988A2B2921B5005FC0E6 /* DetailViewController.swift in Sources */ = {isa = PBXBuildFile; fileRef = D06798892B2921B5005FC0E6 /* DetailViewController.swift */; };
/* End PBXBuildFile section */

/* Begin PBXFileReference section */
		D06774B82B29071200251200 /* SwiftyJSON_demo.app */ = {isa = PBXFileReference; explicitFileType = wrapper.application; includeInIndex = 0; path = SwiftyJSON_demo.app; sourceTree = BUILT_PRODUCTS_DIR; };
		D06774BB2B29071200251200 /* AppDelegate.swift */ = {isa = PBXFileReference; lastKnownFileType = sourcecode.swift; path = AppDelegate.swift; sourceTree = "<group>"; };
		D06774BD2B29071200251200 /* SceneDelegate.swift */ = {isa = PBXFileReference; lastKnownFileType = sourcecode.swift; path = SceneDelegate.swift; sourceTree = "<group>"; };
		D06774BF2B29071200251200 /* ViewController.swift */ = {isa = PBXFileReference; lastKnownFileType = sourcecode.swift; path = ViewController.swift; sourceTree = "<group>"; };
		D06774C22B29071200251200 /* Base */ = {isa = PBXFileReference; lastKnownFileType = file.storyboard; name = Base; path = Base.lproj/Main.storyboard; sourceTree = "<group>"; };
		D06774C42B29071300251200 /* Assets.xcassets */ = {isa = PBXFileReference; lastKnownFileType = folder.assetcatalog; path = Assets.xcassets; sourceTree = "<group>"; };
		D06774C72B29071300251200 /* Base */ = {isa = PBXFileReference; lastKnownFileType = file.storyboard; name = Base; path = Base.lproj/LaunchScreen.storyboard; sourceTree = "<group>"; };
		D06774D42B291BC000251200 /* SwiftyJSON_demo.xcdatamodel */ = {isa = PBXFileReference; lastKnownFileType = wrapper.xcdatamodel; path = SwiftyJSON_demo.xcdatamodel; sourceTree = "<group>"; };
		D06798812B29211E005FC0E6 /* Commit+CoreDataClass.swift */ = {isa = PBXFileReference; fileEncoding = 4; lastKnownFileType = sourcecode.swift; path = "Commit+CoreDataClass.swift"; sourceTree = "<group>"; };
		D06798822B29211E005FC0E6 /* Commit+CoreDataProperties.swift */ = {isa = PBXFileReference; fileEncoding = 4; lastKnownFileType = sourcecode.swift; path = "Commit+CoreDataProperties.swift"; sourceTree = "<group>"; };
		D06798832B29211E005FC0E6 /* Author+CoreDataClass.swift */ = {isa = PBXFileReference; fileEncoding = 4; lastKnownFileType = sourcecode.swift; path = "Author+CoreDataClass.swift"; sourceTree = "<group>"; };
		D06798842B29211E005FC0E6 /* Author+CoreDataProperties.swift */ = {isa = PBXFileReference; fileEncoding = 4; lastKnownFileType = sourcecode.swift; path = "Author+CoreDataProperties.swift"; sourceTree = "<group>"; };
		D06798892B2921B5005FC0E6 /* DetailViewController.swift */ = {isa = PBXFileReference; fileEncoding = 4; lastKnownFileType = sourcecode.swift; path = DetailViewController.swift; sourceTree = "<group>"; };
		D0C40F392B2BA6120047276B /* README.md */ = {isa = PBXFileReference; fileEncoding = 4; lastKnownFileType = net.daringfireball.markdown; path = README.md; sourceTree = "<group>"; };
		D0C40F3D2B2BAC5C0047276B /* Info.plist */ = {isa = PBXFileReference; fileEncoding = 4; lastKnownFileType = text.plist.xml; path = Info.plist; sourceTree = "<group>"; };
/* End PBXFileReference section */

/* Begin PBXFrameworksBuildPhase section */
		D06774B52B29071200251200 /* Frameworks */ = {
			isa = PBXFrameworksBuildPhase;
			buildActionMask = 2147483647;
			files = (
				D06774D12B2907D800251200 /* SwiftyJSON in Frameworks */,
			);
			runOnlyForDeploymentPostprocessing = 0;
		};
/* End PBXFrameworksBuildPhase section */

/* Begin PBXGroup section */
		D06774AF2B29071200251200 = {
			isa = PBXGroup;
			children = (
				D0C40F392B2BA6120047276B /* README.md */,
				D06774BA2B29071200251200 /* SwiftyJSON_demo */,
				D06774B92B29071200251200 /* Products */,
			);
			sourceTree = "<group>";
		};
		D06774B92B29071200251200 /* Products */ = {
			isa = PBXGroup;
			children = (
				D06774B82B29071200251200 /* SwiftyJSON_demo.app */,
			);
			name = Products;
			sourceTree = "<group>";
		};
		D06774BA2B29071200251200 /* SwiftyJSON_demo */ = {
			isa = PBXGroup;
			children = (
				D0C40F402B2BB1070047276B /* CoreData */,
				D0C40F3F2B2BB0CB0047276B /* ViewControllers */,
				D0C40F3C2B2BA7770047276B /* Resources */,
				D0C40F3B2B2BA7430047276B /* App */,
			);
			path = SwiftyJSON_demo;
			sourceTree = "<group>";
		};
		D0C40F3B2B2BA7430047276B /* App */ = {
			isa = PBXGroup;
			children = (
				D0C40F3D2B2BAC5C0047276B /* Info.plist */,
				D06774BB2B29071200251200 /* AppDelegate.swift */,
				D06774BD2B29071200251200 /* SceneDelegate.swift */,
			);
			path = App;
			sourceTree = "<group>";
		};
		D0C40F3C2B2BA7770047276B /* Resources */ = {
			isa = PBXGroup;
			children = (
				D06774C12B29071200251200 /* Main.storyboard */,
				D06774C62B29071300251200 /* LaunchScreen.storyboard */,
				D06774C42B29071300251200 /* Assets.xcassets */,
			);
			path = Resources;
			sourceTree = "<group>";
		};
		D0C40F3F2B2BB0CB0047276B /* ViewControllers */ = {
			isa = PBXGroup;
			children = (
				D06798892B2921B5005FC0E6 /* DetailViewController.swift */,
				D06774BF2B29071200251200 /* ViewController.swift */,
			);
			path = ViewControllers;
			sourceTree = "<group>";
		};
		D0C40F402B2BB1070047276B /* CoreData */ = {
			isa = PBXGroup;
			children = (
				D06798832B29211E005FC0E6 /* Author+CoreDataClass.swift */,
				D06798842B29211E005FC0E6 /* Author+CoreDataProperties.swift */,
				D06798812B29211E005FC0E6 /* Commit+CoreDataClass.swift */,
				D06798822B29211E005FC0E6 /* Commit+CoreDataProperties.swift */,
				D06774D32B291BC000251200 /* SwiftyJSON_demo.xcdatamodeld */,
			);
			path = CoreData;
			sourceTree = "<group>";
		};
/* End PBXGroup section */

/* Begin PBXNativeTarget section */
		D06774B72B29071200251200 /* SwiftyJSON_demo */ = {
			isa = PBXNativeTarget;
			buildConfigurationList = D06774CC2B29071300251200 /* Build configuration list for PBXNativeTarget "SwiftyJSON_demo" */;
			buildPhases = (
				D06774B42B29071200251200 /* Sources */,
				D06774B52B29071200251200 /* Frameworks */,
				D06774B62B29071200251200 /* Resources */,
				D06774D22B2909AC00251200 /* ShellScript */,
			);
			buildRules = (
			);
			dependencies = (
			);
			name = SwiftyJSON_demo;
			packageProductDependencies = (
				D06774D02B2907D800251200 /* SwiftyJSON */,
			);
			productName = SwiftyJSON_demo;
			productReference = D06774B82B29071200251200 /* SwiftyJSON_demo.app */;
			productType = "com.apple.product-type.application";
		};
/* End PBXNativeTarget section */

/* Begin PBXProject section */
		D06774B02B29071200251200 /* Project object */ = {
			isa = PBXProject;
			attributes = {
				BuildIndependentTargetsInParallel = 1;
				LastSwiftUpdateCheck = 1510;
				LastUpgradeCheck = 1510;
				TargetAttributes = {
					D06774B72B29071200251200 = {
						CreatedOnToolsVersion = 15.1;
					};
				};
			};
			buildConfigurationList = D06774B32B29071200251200 /* Build configuration list for PBXProject "SwiftyJSON_demo" */;
			compatibilityVersion = "Xcode 14.0";
			developmentRegion = en;
			hasScannedForEncodings = 0;
			knownRegions = (
				en,
				Base,
			);
			mainGroup = D06774AF2B29071200251200;
			packageReferences = (
				D06774CF2B2907D800251200 /* XCRemoteSwiftPackageReference "SwiftyJSON" */,
			);
			productRefGroup = D06774B92B29071200251200 /* Products */;
			projectDirPath = "";
			projectRoot = "";
			targets = (
				D06774B72B29071200251200 /* SwiftyJSON_demo */,
			);
		};
/* End PBXProject section */

/* Begin PBXResourcesBuildPhase section */
		D06774B62B29071200251200 /* Resources */ = {
			isa = PBXResourcesBuildPhase;
			buildActionMask = 2147483647;
			files = (
				D06774C82B29071300251200 /* LaunchScreen.storyboard in Resources */,
				D06774C52B29071300251200 /* Assets.xcassets in Resources */,
				D06774C32B29071200251200 /* Main.storyboard in Resources */,
			);
			runOnlyForDeploymentPostprocessing = 0;
		};
/* End PBXResourcesBuildPhase section */

/* Begin PBXShellScriptBuildPhase section */
		D06774D22B2909AC00251200 /* ShellScript */ = {
			isa = PBXShellScriptBuildPhase;
			alwaysOutOfDate = 1;
			buildActionMask = 2147483647;
			files = (
			);
			inputFileListPaths = (
			);
			inputPaths = (
			);
			outputFileListPaths = (
			);
			outputPaths = (
			);
			runOnlyForDeploymentPostprocessing = 0;
			shellPath = /bin/sh;
			shellScript = "if [[ \"$(uname -m)\" == arm64 ]]; then\n    export PATH=\"/opt/homebrew/bin:$PATH\"\nfi\n\nif which swiftlint > /dev/null; then\n  swiftlint\nelse\n  echo \"warning: SwiftLint not installed, download from https://github.com/realm/SwiftLint\"\nfi\n";
		};
/* End PBXShellScriptBuildPhase section */

/* Begin PBXSourcesBuildPhase section */
		D06774B42B29071200251200 /* Sources */ = {
			isa = PBXSourcesBuildPhase;
			buildActionMask = 2147483647;
			files = (
				D067988A2B2921B5005FC0E6 /* DetailViewController.swift in Sources */,
				D06798882B29211E005FC0E6 /* Author+CoreDataProperties.swift in Sources */,
				D06774D52B291BC000251200 /* SwiftyJSON_demo.xcdatamodeld in Sources */,
				D06774C02B29071200251200 /* ViewController.swift in Sources */,
				D06798852B29211E005FC0E6 /* Commit+CoreDataClass.swift in Sources */,
				D06774BC2B29071200251200 /* AppDelegate.swift in Sources */,
				D06798872B29211E005FC0E6 /* Author+CoreDataClass.swift in Sources */,
				D06798862B29211E005FC0E6 /* Commit+CoreDataProperties.swift in Sources */,
				D06774BE2B29071200251200 /* SceneDelegate.swift in Sources */,
			);
			runOnlyForDeploymentPostprocessing = 0;
		};
/* End PBXSourcesBuildPhase section */

/* Begin PBXVariantGroup section */
		D06774C12B29071200251200 /* Main.storyboard */ = {
			isa = PBXVariantGroup;
			children = (
				D06774C22B29071200251200 /* Base */,
			);
			name = Main.storyboard;
			sourceTree = "<group>";
		};
		D06774C62B29071300251200 /* LaunchScreen.storyboard */ = {
			isa = PBXVariantGroup;
			children = (
				D06774C72B29071300251200 /* Base */,
			);
			name = LaunchScreen.storyboard;
			sourceTree = "<group>";
		};
/* End PBXVariantGroup section */

/* Begin XCBuildConfiguration section */
		D06774CA2B29071300251200 /* Debug */ = {
			isa = XCBuildConfiguration;
			buildSettings = {
				ALWAYS_SEARCH_USER_PATHS = NO;
				ASSETCATALOG_COMPILER_GENERATE_SWIFT_ASSET_SYMBOL_EXTENSIONS = YES;
				CLANG_ANALYZER_NONNULL = YES;
				CLANG_ANALYZER_NUMBER_OBJECT_CONVERSION = YES_AGGRESSIVE;
				CLANG_CXX_LANGUAGE_STANDARD = "gnu++20";
				CLANG_ENABLE_MODULES = YES;
				CLANG_ENABLE_OBJC_ARC = YES;
				CLANG_ENABLE_OBJC_WEAK = YES;
				CLANG_WARN_BLOCK_CAPTURE_AUTORELEASING = YES;
				CLANG_WARN_BOOL_CONVERSION = YES;
				CLANG_WARN_COMMA = YES;
				CLANG_WARN_CONSTANT_CONVERSION = YES;
				CLANG_WARN_DEPRECATED_OBJC_IMPLEMENTATIONS = YES;
				CLANG_WARN_DIRECT_OBJC_ISA_USAGE = YES_ERROR;
				CLANG_WARN_DOCUMENTATION_COMMENTS = YES;
				CLANG_WARN_EMPTY_BODY = YES;
				CLANG_WARN_ENUM_CONVERSION = YES;
				CLANG_WARN_INFINITE_RECURSION = YES;
				CLANG_WARN_INT_CONVERSION = YES;
				CLANG_WARN_NON_LITERAL_NULL_CONVERSION = YES;
				CLANG_WARN_OBJC_IMPLICIT_RETAIN_SELF = YES;
				CLANG_WARN_OBJC_LITERAL_CONVERSION = YES;
				CLANG_WARN_OBJC_ROOT_CLASS = YES_ERROR;
				CLANG_WARN_QUOTED_INCLUDE_IN_FRAMEWORK_HEADER = YES;
				CLANG_WARN_RANGE_LOOP_ANALYSIS = YES;
				CLANG_WARN_STRICT_PROTOTYPES = YES;
				CLANG_WARN_SUSPICIOUS_MOVE = YES;
				CLANG_WARN_UNGUARDED_AVAILABILITY = YES_AGGRESSIVE;
				CLANG_WARN_UNREACHABLE_CODE = YES;
				CLANG_WARN__DUPLICATE_METHOD_MATCH = YES;
				COPY_PHASE_STRIP = NO;
				DEBUG_INFORMATION_FORMAT = dwarf;
				ENABLE_STRICT_OBJC_MSGSEND = YES;
				ENABLE_TESTABILITY = YES;
				ENABLE_USER_SCRIPT_SANDBOXING = NO;
				GCC_C_LANGUAGE_STANDARD = gnu17;
				GCC_DYNAMIC_NO_PIC = NO;
				GCC_NO_COMMON_BLOCKS = YES;
				GCC_OPTIMIZATION_LEVEL = 0;
				GCC_PREPROCESSOR_DEFINITIONS = (
					"DEBUG=1",
					"$(inherited)",
				);
				GCC_WARN_64_TO_32_BIT_CONVERSION = YES;
				GCC_WARN_ABOUT_RETURN_TYPE = YES_ERROR;
				GCC_WARN_UNDECLARED_SELECTOR = YES;
				GCC_WARN_UNINITIALIZED_AUTOS = YES_AGGRESSIVE;
				GCC_WARN_UNUSED_FUNCTION = YES;
				GCC_WARN_UNUSED_VARIABLE = YES;
				IPHONEOS_DEPLOYMENT_TARGET = 17.2;
				LOCALIZATION_PREFERS_STRING_CATALOGS = YES;
				MTL_ENABLE_DEBUG_INFO = INCLUDE_SOURCE;
				MTL_FAST_MATH = YES;
				ONLY_ACTIVE_ARCH = YES;
				SDKROOT = iphoneos;
				SWIFT_ACTIVE_COMPILATION_CONDITIONS = "DEBUG $(inherited)";
				SWIFT_OPTIMIZATION_LEVEL = "-Onone";
			};
			name = Debug;
		};
		D06774CB2B29071300251200 /* Release */ = {
			isa = XCBuildConfiguration;
			buildSettings = {
				ALWAYS_SEARCH_USER_PATHS = NO;
				ASSETCATALOG_COMPILER_GENERATE_SWIFT_ASSET_SYMBOL_EXTENSIONS = YES;
				CLANG_ANALYZER_NONNULL = YES;
				CLANG_ANALYZER_NUMBER_OBJECT_CONVERSION = YES_AGGRESSIVE;
				CLANG_CXX_LANGUAGE_STANDARD = "gnu++20";
				CLANG_ENABLE_MODULES = YES;
				CLANG_ENABLE_OBJC_ARC = YES;
				CLANG_ENABLE_OBJC_WEAK = YES;
				CLANG_WARN_BLOCK_CAPTURE_AUTORELEASING = YES;
				CLANG_WARN_BOOL_CONVERSION = YES;
				CLANG_WARN_COMMA = YES;
				CLANG_WARN_CONSTANT_CONVERSION = YES;
				CLANG_WARN_DEPRECATED_OBJC_IMPLEMENTATIONS = YES;
				CLANG_WARN_DIRECT_OBJC_ISA_USAGE = YES_ERROR;
				CLANG_WARN_DOCUMENTATION_COMMENTS = YES;
				CLANG_WARN_EMPTY_BODY = YES;
				CLANG_WARN_ENUM_CONVERSION = YES;
				CLANG_WARN_INFINITE_RECURSION = YES;
				CLANG_WARN_INT_CONVERSION = YES;
				CLANG_WARN_NON_LITERAL_NULL_CONVERSION = YES;
				CLANG_WARN_OBJC_IMPLICIT_RETAIN_SELF = YES;
				CLANG_WARN_OBJC_LITERAL_CONVERSION = YES;
				CLANG_WARN_OBJC_ROOT_CLASS = YES_ERROR;
				CLANG_WARN_QUOTED_INCLUDE_IN_FRAMEWORK_HEADER = YES;
				CLANG_WARN_RANGE_LOOP_ANALYSIS = YES;
				CLANG_WARN_STRICT_PROTOTYPES = YES;
				CLANG_WARN_SUSPICIOUS_MOVE = YES;
				CLANG_WARN_UNGUARDED_AVAILABILITY = YES_AGGRESSIVE;
				CLANG_WARN_UNREACHABLE_CODE = YES;
				CLANG_WARN__DUPLICATE_METHOD_MATCH = YES;
				COPY_PHASE_STRIP = NO;
				DEBUG_INFORMATION_FORMAT = "dwarf-with-dsym";
				ENABLE_NS_ASSERTIONS = NO;
				ENABLE_STRICT_OBJC_MSGSEND = YES;
				ENABLE_USER_SCRIPT_SANDBOXING = NO;
				GCC_C_LANGUAGE_STANDARD = gnu17;
				GCC_NO_COMMON_BLOCKS = YES;
				GCC_WARN_64_TO_32_BIT_CONVERSION = YES;
				GCC_WARN_ABOUT_RETURN_TYPE = YES_ERROR;
				GCC_WARN_UNDECLARED_SELECTOR = YES;
				GCC_WARN_UNINITIALIZED_AUTOS = YES_AGGRESSIVE;
				GCC_WARN_UNUSED_FUNCTION = YES;
				GCC_WARN_UNUSED_VARIABLE = YES;
				IPHONEOS_DEPLOYMENT_TARGET = 17.2;
				LOCALIZATION_PREFERS_STRING_CATALOGS = YES;
				MTL_ENABLE_DEBUG_INFO = NO;
				MTL_FAST_MATH = YES;
				SDKROOT = iphoneos;
				SWIFT_COMPILATION_MODE = wholemodule;
				VALIDATE_PRODUCT = YES;
			};
			name = Release;
		};
		D06774CD2B29071300251200 /* Debug */ = {
			isa = XCBuildConfiguration;
			buildSettings = {
				ASSETCATALOG_COMPILER_APPICON_NAME = AppIcon;
				ASSETCATALOG_COMPILER_GLOBAL_ACCENT_COLOR_NAME = AccentColor;
				CODE_SIGN_STYLE = Automatic;
				CURRENT_PROJECT_VERSION = 1;
				DEVELOPMENT_TEAM = YDEWPN9GZ6;
				GENERATE_INFOPLIST_FILE = YES;
				INFOPLIST_FILE = SwiftyJSON_demo/App/Info.plist;
				INFOPLIST_KEY_UIApplicationSupportsIndirectInputEvents = YES;
				INFOPLIST_KEY_UILaunchStoryboardName = LaunchScreen;
				INFOPLIST_KEY_UIMainStoryboardFile = Main;
				INFOPLIST_KEY_UISupportedInterfaceOrientations_iPad = "UIInterfaceOrientationPortrait UIInterfaceOrientationPortraitUpsideDown UIInterfaceOrientationLandscapeLeft UIInterfaceOrientationLandscapeRight";
				INFOPLIST_KEY_UISupportedInterfaceOrientations_iPhone = "UIInterfaceOrientationPortrait UIInterfaceOrientationLandscapeLeft UIInterfaceOrientationLandscapeRight";
				LD_RUNPATH_SEARCH_PATHS = (
					"$(inherited)",
					"@executable_path/Frameworks",
				);
				MARKETING_VERSION = 1.0;
				PRODUCT_BUNDLE_IDENTIFIER = "com.vdHamer.SwiftyJSON-demo";
				PRODUCT_NAME = "$(TARGET_NAME)";
				SUPPORTED_PLATFORMS = "iphoneos iphonesimulator";
				SUPPORTS_MACCATALYST = NO;
				SUPPORTS_MAC_DESIGNED_FOR_IPHONE_IPAD = YES;
				SWIFT_EMIT_LOC_STRINGS = YES;
				SWIFT_VERSION = 5.0;
				TARGETED_DEVICE_FAMILY = "1,2";
			};
			name = Debug;
		};
		D06774CE2B29071300251200 /* Release */ = {
			isa = XCBuildConfiguration;
			buildSettings = {
				ASSETCATALOG_COMPILER_APPICON_NAME = AppIcon;
				ASSETCATALOG_COMPILER_GLOBAL_ACCENT_COLOR_NAME = AccentColor;
				CODE_SIGN_STYLE = Automatic;
				CURRENT_PROJECT_VERSION = 1;
				DEVELOPMENT_TEAM = YDEWPN9GZ6;
				GENERATE_INFOPLIST_FILE = YES;
				INFOPLIST_FILE = SwiftyJSON_demo/App/Info.plist;
				INFOPLIST_KEY_UIApplicationSupportsIndirectInputEvents = YES;
				INFOPLIST_KEY_UILaunchStoryboardName = LaunchScreen;
				INFOPLIST_KEY_UIMainStoryboardFile = Main;
				INFOPLIST_KEY_UISupportedInterfaceOrientations_iPad = "UIInterfaceOrientationPortrait UIInterfaceOrientationPortraitUpsideDown UIInterfaceOrientationLandscapeLeft UIInterfaceOrientationLandscapeRight";
				INFOPLIST_KEY_UISupportedInterfaceOrientations_iPhone = "UIInterfaceOrientationPortrait UIInterfaceOrientationLandscapeLeft UIInterfaceOrientationLandscapeRight";
				LD_RUNPATH_SEARCH_PATHS = (
					"$(inherited)",
					"@executable_path/Frameworks",
				);
				MARKETING_VERSION = 1.0;
				PRODUCT_BUNDLE_IDENTIFIER = "com.vdHamer.SwiftyJSON-demo";
				PRODUCT_NAME = "$(TARGET_NAME)";
				SUPPORTED_PLATFORMS = "iphoneos iphonesimulator";
				SUPPORTS_MACCATALYST = NO;
				SUPPORTS_MAC_DESIGNED_FOR_IPHONE_IPAD = YES;
				SWIFT_EMIT_LOC_STRINGS = YES;
				SWIFT_VERSION = 5.0;
				TARGETED_DEVICE_FAMILY = "1,2";
			};
			name = Release;
		};
/* End XCBuildConfiguration section */

/* Begin XCConfigurationList section */
		D06774B32B29071200251200 /* Build configuration list for PBXProject "SwiftyJSON_demo" */ = {
			isa = XCConfigurationList;
			buildConfigurations = (
				D06774CA2B29071300251200 /* Debug */,
				D06774CB2B29071300251200 /* Release */,
			);
			defaultConfigurationIsVisible = 0;
			defaultConfigurationName = Release;
		};
		D06774CC2B29071300251200 /* Build configuration list for PBXNativeTarget "SwiftyJSON_demo" */ = {
			isa = XCConfigurationList;
			buildConfigurations = (
				D06774CD2B29071300251200 /* Debug */,
				D06774CE2B29071300251200 /* Release */,
			);
			defaultConfigurationIsVisible = 0;
			defaultConfigurationName = Release;
		};
/* End XCConfigurationList section */

/* Begin XCRemoteSwiftPackageReference section */
		D06774CF2B2907D800251200 /* XCRemoteSwiftPackageReference "SwiftyJSON" */ = {
			isa = XCRemoteSwiftPackageReference;
			repositoryURL = "https://github.com/SwiftyJSON/SwiftyJSON";
			requirement = {
				kind = upToNextMajorVersion;
				minimumVersion = 5.0.1;
			};
		};
/* End XCRemoteSwiftPackageReference section */

/* Begin XCSwiftPackageProductDependency section */
		D06774D02B2907D800251200 /* SwiftyJSON */ = {
			isa = XCSwiftPackageProductDependency;
			package = D06774CF2B2907D800251200 /* XCRemoteSwiftPackageReference "SwiftyJSON" */;
			productName = SwiftyJSON;
		};
/* End XCSwiftPackageProductDependency section */

/* Begin XCVersionGroup section */
		D06774D32B291BC000251200 /* SwiftyJSON_demo.xcdatamodeld */ = {
			isa = XCVersionGroup;
			children = (
				D06774D42B291BC000251200 /* SwiftyJSON_demo.xcdatamodel */,
			);
			currentVersion = D06774D42B291BC000251200 /* SwiftyJSON_demo.xcdatamodel */;
			path = SwiftyJSON_demo.xcdatamodeld;
			sourceTree = "<group>";
			versionGroupType = wrapper.xcdatamodel;
		};
/* End XCVersionGroup section */
	};
	rootObject = D06774B02B29071200251200 /* Project object */;
}
